
Microsoft Visual Studio Solution File, Format Version 12.00
# Visual Studio Version 16
VisualStudioVersion = 16.0.810.21
MinimumVisualStudioVersion = 10.0.40219.1
Project("{FAE04EC0-301F-11D3-BF4B-00C04F79EFBC}") = "emulator.meadow", "emulator.meadow.csproj", "{7C1191D3-4BD6-4D0C-BAE0-9AFE6985DCB1}"
EndProject
Project("{FAE04EC0-301F-11D3-BF4B-00C04F79EFBC}") = "emulator", "..\emulator\emulator.csproj", "{C898308E-4956-449A-A940-300C5E20697F}"
EndProject
Global
	GlobalSection(SolutionConfigurationPlatforms) = preSolution
		Debug|Any CPU = Debug|Any CPU
		Release|Any CPU = Release|Any CPU
	EndGlobalSection
	GlobalSection(ProjectConfigurationPlatforms) = postSolution
		{7C1191D3-4BD6-4D0C-BAE0-9AFE6985DCB1}.Debug|Any CPU.ActiveCfg = Debug|Any CPU
		{7C1191D3-4BD6-4D0C-BAE0-9AFE6985DCB1}.Debug|Any CPU.Build.0 = Debug|Any CPU
		{7C1191D3-4BD6-4D0C-BAE0-9AFE6985DCB1}.Release|Any CPU.ActiveCfg = Release|Any CPU
		{7C1191D3-4BD6-4D0C-BAE0-9AFE6985DCB1}.Release|Any CPU.Build.0 = Release|Any CPU
		{C898308E-4956-449A-A940-300C5E20697F}.Debug|Any CPU.ActiveCfg = Debug|Any CPU
		{C898308E-4956-449A-A940-300C5E20697F}.Debug|Any CPU.Build.0 = Debug|Any CPU
		{C898308E-4956-449A-A940-300C5E20697F}.Release|Any CPU.ActiveCfg = Release|Any CPU
		{C898308E-4956-449A-A940-300C5E20697F}.Release|Any CPU.Build.0 = Release|Any CPU
	EndGlobalSection
	GlobalSection(SolutionProperties) = preSolution
		HideSolutionNode = FALSE
	EndGlobalSection
	GlobalSection(ExtensibilityGlobals) = postSolution
		SolutionGuid = {41932E93-11C4-4D70-901C-97919C5EB395}
	EndGlobalSection
EndGlobal
